
Microsoft Visual Studio Solution File, Format Version 12.00
# Visual Studio Version 17
VisualStudioVersion = 17.1.32210.238
MinimumVisualStudioVersion = 10.0.40219.1
Project("{FAE04EC0-301F-11D3-BF4B-00C04F79EFBC}") = "MniejszaWiększa", "MniejszaWiększa\MniejszaWiększa.csproj", "{BFA74D24-171E-4A80-A9F5-D3F0B1377430}"
EndProject
Global
	GlobalSection(SolutionConfigurationPlatforms) = preSolution
		Debug|Any CPU = Debug|Any CPU
		Release|Any CPU = Release|Any CPU
	EndGlobalSection
	GlobalSection(ProjectConfigurationPlatforms) = postSolution
		{BFA74D24-171E-4A80-A9F5-D3F0B1377430}.Debug|Any CPU.ActiveCfg = Debug|Any CPU
		{BFA74D24-171E-4A80-A9F5-D3F0B1377430}.Debug|Any CPU.Build.0 = Debug|Any CPU
		{BFA74D24-171E-4A80-A9F5-D3F0B1377430}.Release|Any CPU.ActiveCfg = Release|Any CPU
		{BFA74D24-171E-4A80-A9F5-D3F0B1377430}.Release|Any CPU.Build.0 = Release|Any CPU
	EndGlobalSection
	GlobalSection(SolutionProperties) = preSolution
		HideSolutionNode = FALSE
	EndGlobalSection
	GlobalSection(ExtensibilityGlobals) = postSolution
		SolutionGuid = {E7CCC0D8-9ADE-49B9-A479-E3760B2394BB}
	EndGlobalSection
EndGlobal
